<?xml version="1.0" encoding="UTF-8" standalone="yes" ?>
<CodeBlocks_project_file>
	<FileVersion major="1" minor="6" />
	<Project>
		<Option title="Scales-Generator" />
		<Option pch_mode="2" />
		<Option compiler="gcc" />
		<Build>
			<Target title="Debug">
				<Option output="bin/Debug/Scales-Generator" prefix_auto="1" extension_auto="1" />
				<Option object_output="obj/Debug/" />
				<Option type="1" />
				<Option compiler="gcc" />
				<Compiler>
					<Add option="-g" />
				</Compiler>
			</Target>
			<Target title="Release">
				<Option output="bin/Release/Scales-Generator" prefix_auto="1" extension_auto="1" />
				<Option object_output="obj/Release/" />
				<Option type="1" />
				<Option compiler="gcc" />
				<Compiler>
					<Add option="-O2" />
				</Compiler>
				<Linker>
					<Add option="-s" />
				</Linker>
			</Target>
		</Build>
		<Compiler>
			<Add option="-Wall" />
			<Add option="-fexceptions" />
		</Compiler>
		<Unit filename="TAlterowana.cpp" />
		<Unit filename="TAlterowana.h" />
		<Unit filename="TBluesowa.cpp" />
		<Unit filename="TBluesowa.h" />
		<Unit filename="TGama_dur.cpp" />
		<Unit filename="TGama_dur.h" />
		<Unit filename="TGama_moll.cpp" />
		<Unit filename="TGama_moll.h" />
		<Unit filename="TJewish.cpp" />
		<Unit filename="TJewish.h" />
		<Unit filename="TPentatonica_dur.cpp" />
		<Unit filename="TPentatonica_dur.h" />
		<Unit filename="TPentatonica_moll.cpp" />
		<Unit filename="TPentatonica_moll.h" />
		<Unit filename="TTonacja.cpp" />
		<Unit filename="TTonacja.h" />
		<Unit filename="TZmniejszona.cpp" />
		<Unit filename="TZmniejszona.h" />
		<Unit filename="main.cpp" />
		<Extensions>
			<code_completion />
			<envvars />
			<debugger />
			<lib_finder disable_auto="1" />
		</Extensions>
	</Project>
</CodeBlocks_project_file>
